// !$*UTF8*$!
{
	archiveVersion = 1;
	classes = {
	};
	objectVersion = 46;
	objects = {

/* Begin PBXBuildFile section */
		09FF07421D6F7675003634AD /* AppDelegate.swift in Sources */ = {isa = PBXBuildFile; fileRef = 09FF07411D6F7675003634AD /* AppDelegate.swift */; };
		09FF07441D6F7675003634AD /* ViewController.swift in Sources */ = {isa = PBXBuildFile; fileRef = 09FF07431D6F7675003634AD /* ViewController.swift */; };
		09FF07471D6F7675003634AD /* Main.storyboard in Resources */ = {isa = PBXBuildFile; fileRef = 09FF07451D6F7675003634AD /* Main.storyboard */; };
		09FF07491D6F7675003634AD /* Assets.xcassets in Resources */ = {isa = PBXBuildFile; fileRef = 09FF07481D6F7675003634AD /* Assets.xcassets */; };
		09FF074C1D6F7675003634AD /* LaunchScreen.storyboard in Resources */ = {isa = PBXBuildFile; fileRef = 09FF074A1D6F7675003634AD /* LaunchScreen.storyboard */; };
		09FF07571D6F7675003634AD /* BookloopTests.swift in Sources */ = {isa = PBXBuildFile; fileRef = 09FF07561D6F7675003634AD /* BookloopTests.swift */; };
		09FF07621D6F7675003634AD /* BookloopUITests.swift in Sources */ = {isa = PBXBuildFile; fileRef = 09FF07611D6F7675003634AD /* BookloopUITests.swift */; };
/* End PBXBuildFile section */

/* Begin PBXContainerItemProxy section */
		09FF07531D6F7675003634AD /* PBXContainerItemProxy */ = {
			isa = PBXContainerItemProxy;
			containerPortal = 09FF07361D6F7675003634AD /* Project object */;
			proxyType = 1;
			remoteGlobalIDString = 09FF073D1D6F7675003634AD;
			remoteInfo = Bookloop;
		};
		09FF075E1D6F7675003634AD /* PBXContainerItemProxy */ = {
			isa = PBXContainerItemProxy;
			containerPortal = 09FF07361D6F7675003634AD /* Project object */;
			proxyType = 1;
			remoteGlobalIDString = 09FF073D1D6F7675003634AD;
			remoteInfo = Bookloop;
		};
/* End PBXContainerItemProxy section */

/* Begin PBXFileReference section */
		09FF073E1D6F7675003634AD /* Bookloop.app */ = {isa = PBXFileReference; explicitFileType = wrapper.application; includeInIndex = 0; path = Bookloop.app; sourceTree = BUILT_PRODUCTS_DIR; };
		09FF07411D6F7675003634AD /* AppDelegate.swift */ = {isa = PBXFileReference; lastKnownFileType = sourcecode.swift; path = AppDelegate.swift; sourceTree = "<group>"; };
		09FF07431D6F7675003634AD /* ViewController.swift */ = {isa = PBXFileReference; lastKnownFileType = sourcecode.swift; path = ViewController.swift; sourceTree = "<group>"; };
		09FF07461D6F7675003634AD /* Base */ = {isa = PBXFileReference; lastKnownFileType = file.storyboard; name = Base; path = Base.lproj/Main.storyboard; sourceTree = "<group>"; };
		09FF07481D6F7675003634AD /* Assets.xcassets */ = {isa = PBXFileReference; lastKnownFileType = folder.assetcatalog; path = Assets.xcassets; sourceTree = "<group>"; };
		09FF074B1D6F7675003634AD /* Base */ = {isa = PBXFileReference; lastKnownFileType = file.storyboard; name = Base; path = Base.lproj/LaunchScreen.storyboard; sourceTree = "<group>"; };
		09FF074D1D6F7675003634AD /* Info.plist */ = {isa = PBXFileReference; lastKnownFileType = text.plist.xml; path = Info.plist; sourceTree = "<group>"; };
		09FF07521D6F7675003634AD /* BookloopTests.xctest */ = {isa = PBXFileReference; explicitFileType = wrapper.cfbundle; includeInIndex = 0; path = BookloopTests.xctest; sourceTree = BUILT_PRODUCTS_DIR; };
		09FF07561D6F7675003634AD /* BookloopTests.swift */ = {isa = PBXFileReference; lastKnownFileType = sourcecode.swift; path = BookloopTests.swift; sourceTree = "<group>"; };
		09FF07581D6F7675003634AD /* Info.plist */ = {isa = PBXFileReference; lastKnownFileType = text.plist.xml; path = Info.plist; sourceTree = "<group>"; };
		09FF075D1D6F7675003634AD /* BookloopUITests.xctest */ = {isa = PBXFileReference; explicitFileType = wrapper.cfbundle; includeInIndex = 0; path = BookloopUITests.xctest; sourceTree = BUILT_PRODUCTS_DIR; };
		09FF07611D6F7675003634AD /* BookloopUITests.swift */ = {isa = PBXFileReference; lastKnownFileType = sourcecode.swift; path = BookloopUITests.swift; sourceTree = "<group>"; };
		09FF07631D6F7675003634AD /* Info.plist */ = {isa = PBXFileReference; lastKnownFileType = text.plist.xml; path = Info.plist; sourceTree = "<group>"; };
/* End PBXFileReference section */

/* Begin PBXFrameworksBuildPhase section */
		09FF073B1D6F7675003634AD /* Frameworks */ = {
			isa = PBXFrameworksBuildPhase;
			buildActionMask = 2147483647;
			files = (
			);
			runOnlyForDeploymentPostprocessing = 0;
		};
		09FF074F1D6F7675003634AD /* Frameworks */ = {
			isa = PBXFrameworksBuildPhase;
			buildActionMask = 2147483647;
			files = (
			);
			runOnlyForDeploymentPostprocessing = 0;
		};
		09FF075A1D6F7675003634AD /* Frameworks */ = {
			isa = PBXFrameworksBuildPhase;
			buildActionMask = 2147483647;
			files = (
			);
			runOnlyForDeploymentPostprocessing = 0;
		};
/* End PBXFrameworksBuildPhase section */

/* Begin PBXGroup section */
		09FF07351D6F7675003634AD = {
			isa = PBXGroup;
			children = (
				09FF07401D6F7675003634AD /* Bookloop */,
				09FF07551D6F7675003634AD /* BookloopTests */,
				09FF07601D6F7675003634AD /* BookloopUITests */,
				09FF073F1D6F7675003634AD /* Products */,
			);
			sourceTree = "<group>";
		};
		09FF073F1D6F7675003634AD /* Products */ = {
			isa = PBXGroup;
			children = (
				09FF073E1D6F7675003634AD /* Bookloop.app */,
				09FF07521D6F7675003634AD /* BookloopTests.xctest */,
				09FF075D1D6F7675003634AD /* BookloopUITests.xctest */,
			);
			name = Products;
			sourceTree = "<group>";
		};
		09FF07401D6F7675003634AD /* Bookloop */ = {
			isa = PBXGroup;
			children = (
				09FF07411D6F7675003634AD /* AppDelegate.swift */,
				09FF07431D6F7675003634AD /* ViewController.swift */,
				09FF07451D6F7675003634AD /* Main.storyboard */,
				09FF07481D6F7675003634AD /* Assets.xcassets */,
				09FF074A1D6F7675003634AD /* LaunchScreen.storyboard */,
				09FF074D1D6F7675003634AD /* Info.plist */,
			);
			path = Bookloop;
			sourceTree = "<group>";
		};
		09FF07551D6F7675003634AD /* BookloopTests */ = {
			isa = PBXGroup;
			children = (
				09FF07561D6F7675003634AD /* BookloopTests.swift */,
				09FF07581D6F7675003634AD /* Info.plist */,
			);
			path = BookloopTests;
			sourceTree = "<group>";
		};
		09FF07601D6F7675003634AD /* BookloopUITests */ = {
			isa = PBXGroup;
			children = (
				09FF07611D6F7675003634AD /* BookloopUITests.swift */,
				09FF07631D6F7675003634AD /* Info.plist */,
			);
			path = BookloopUITests;
			sourceTree = "<group>";
		};
/* End PBXGroup section */

/* Begin PBXNativeTarget section */
		09FF073D1D6F7675003634AD /* Bookloop */ = {
			isa = PBXNativeTarget;
			buildConfigurationList = 09FF07661D6F7675003634AD /* Build configuration list for PBXNativeTarget "Bookloop" */;
			buildPhases = (
				09FF073A1D6F7675003634AD /* Sources */,
				09FF073B1D6F7675003634AD /* Frameworks */,
				09FF073C1D6F7675003634AD /* Resources */,
			);
			buildRules = (
			);
			dependencies = (
			);
			name = Bookloop;
			productName = Bookloop;
			productReference = 09FF073E1D6F7675003634AD /* Bookloop.app */;
			productType = "com.apple.product-type.application";
		};
		09FF07511D6F7675003634AD /* BookloopTests */ = {
			isa = PBXNativeTarget;
			buildConfigurationList = 09FF07691D6F7675003634AD /* Build configuration list for PBXNativeTarget "BookloopTests" */;
			buildPhases = (
				09FF074E1D6F7675003634AD /* Sources */,
				09FF074F1D6F7675003634AD /* Frameworks */,
				09FF07501D6F7675003634AD /* Resources */,
			);
			buildRules = (
			);
			dependencies = (
				09FF07541D6F7675003634AD /* PBXTargetDependency */,
			);
			name = BookloopTests;
			productName = BookloopTests;
			productReference = 09FF07521D6F7675003634AD /* BookloopTests.xctest */;
			productType = "com.apple.product-type.bundle.unit-test";
		};
		09FF075C1D6F7675003634AD /* BookloopUITests */ = {
			isa = PBXNativeTarget;
			buildConfigurationList = 09FF076C1D6F7675003634AD /* Build configuration list for PBXNativeTarget "BookloopUITests" */;
			buildPhases = (
				09FF07591D6F7675003634AD /* Sources */,
				09FF075A1D6F7675003634AD /* Frameworks */,
				09FF075B1D6F7675003634AD /* Resources */,
			);
			buildRules = (
			);
			dependencies = (
				09FF075F1D6F7675003634AD /* PBXTargetDependency */,
			);
			name = BookloopUITests;
			productName = BookloopUITests;
			productReference = 09FF075D1D6F7675003634AD /* BookloopUITests.xctest */;
			productType = "com.apple.product-type.bundle.ui-testing";
		};
/* End PBXNativeTarget section */

/* Begin PBXProject section */
		09FF07361D6F7675003634AD /* Project object */ = {
			isa = PBXProject;
			attributes = {
				LastSwiftUpdateCheck = 0730;
				LastUpgradeCheck = 0730;
				ORGANIZATIONNAME = "Charles Luckhardt";
				TargetAttributes = {
					09FF073D1D6F7675003634AD = {
						CreatedOnToolsVersion = 7.3;
					};
					09FF07511D6F7675003634AD = {
						CreatedOnToolsVersion = 7.3;
						TestTargetID = 09FF073D1D6F7675003634AD;
					};
					09FF075C1D6F7675003634AD = {
						CreatedOnToolsVersion = 7.3;
						TestTargetID = 09FF073D1D6F7675003634AD;
					};
				};
			};
			buildConfigurationList = 09FF07391D6F7675003634AD /* Build configuration list for PBXProject "Bookloop" */;
			compatibilityVersion = "Xcode 3.2";
			developmentRegion = English;
			hasScannedForEncodings = 0;
			knownRegions = (
				en,
				Base,
			);
			mainGroup = 09FF07351D6F7675003634AD;
			productRefGroup = 09FF073F1D6F7675003634AD /* Products */;
			projectDirPath = "";
			projectRoot = "";
			targets = (
				09FF073D1D6F7675003634AD /* Bookloop */,
				09FF07511D6F7675003634AD /* BookloopTests */,
				09FF075C1D6F7675003634AD /* BookloopUITests */,
			);
		};
/* End PBXProject section */

/* Begin PBXResourcesBuildPhase section */
		09FF073C1D6F7675003634AD /* Resources */ = {
			isa = PBXResourcesBuildPhase;
			buildActionMask = 2147483647;
			files = (
				09FF074C1D6F7675003634AD /* LaunchScreen.storyboard in Resources */,
				09FF07491D6F7675003634AD /* Assets.xcassets in Resources */,
				09FF07471D6F7675003634AD /* Main.storyboard in Resources */,
			);
			runOnlyForDeploymentPostprocessing = 0;
		};
		09FF07501D6F7675003634AD /* Resources */ = {
			isa = PBXResourcesBuildPhase;
			buildActionMask = 2147483647;
			files = (
			);
			runOnlyForDeploymentPostprocessing = 0;
		};
		09FF075B1D6F7675003634AD /* Resources */ = {
			isa = PBXResourcesBuildPhase;
			buildActionMask = 2147483647;
			files = (
			);
			runOnlyForDeploymentPostprocessing = 0;
		};
/* End PBXResourcesBuildPhase section */

/* Begin PBXSourcesBuildPhase section */
		09FF073A1D6F7675003634AD /* Sources */ = {
			isa = PBXSourcesBuildPhase;
			buildActionMask = 2147483647;
			files = (
				09FF07441D6F7675003634AD /* ViewController.swift in Sources */,
				09FF07421D6F7675003634AD /* AppDelegate.swift in Sources */,
			);
			runOnlyForDeploymentPostprocessing = 0;
		};
		09FF074E1D6F7675003634AD /* Sources */ = {
			isa = PBXSourcesBuildPhase;
			buildActionMask = 2147483647;
			files = (
				09FF07571D6F7675003634AD /* BookloopTests.swift in Sources */,
			);
			runOnlyForDeploymentPostprocessing = 0;
		};
		09FF07591D6F7675003634AD /* Sources */ = {
			isa = PBXSourcesBuildPhase;
			buildActionMask = 2147483647;
			files = (
				09FF07621D6F7675003634AD /* BookloopUITests.swift in Sources */,
			);
			runOnlyForDeploymentPostprocessing = 0;
		};
/* End PBXSourcesBuildPhase section */

/* Begin PBXTargetDependency section */
		09FF07541D6F7675003634AD /* PBXTargetDependency */ = {
			isa = PBXTargetDependency;
			target = 09FF073D1D6F7675003634AD /* Bookloop */;
			targetProxy = 09FF07531D6F7675003634AD /* PBXContainerItemProxy */;
		};
		09FF075F1D6F7675003634AD /* PBXTargetDependency */ = {
			isa = PBXTargetDependency;
			target = 09FF073D1D6F7675003634AD /* Bookloop */;
			targetProxy = 09FF075E1D6F7675003634AD /* PBXContainerItemProxy */;
		};
/* End PBXTargetDependency section */

/* Begin PBXVariantGroup section */
		09FF07451D6F7675003634AD /* Main.storyboard */ = {
			isa = PBXVariantGroup;
			children = (
				09FF07461D6F7675003634AD /* Base */,
			);
			name = Main.storyboard;
			sourceTree = "<group>";
		};
		09FF074A1D6F7675003634AD /* LaunchScreen.storyboard */ = {
			isa = PBXVariantGroup;
			children = (
				09FF074B1D6F7675003634AD /* Base */,
			);
			name = LaunchScreen.storyboard;
			sourceTree = "<group>";
		};
/* End PBXVariantGroup section */

/* Begin XCBuildConfiguration section */
		09FF07641D6F7675003634AD /* Debug */ = {
			isa = XCBuildConfiguration;
			buildSettings = {
				ALWAYS_SEARCH_USER_PATHS = NO;
				CLANG_ANALYZER_NONNULL = YES;
				CLANG_CXX_LANGUAGE_STANDARD = "gnu++0x";
				CLANG_CXX_LIBRARY = "libc++";
				CLANG_ENABLE_MODULES = YES;
				CLANG_ENABLE_OBJC_ARC = YES;
				CLANG_WARN_BOOL_CONVERSION = YES;
				CLANG_WARN_CONSTANT_CONVERSION = YES;
				CLANG_WARN_DIRECT_OBJC_ISA_USAGE = YES_ERROR;
				CLANG_WARN_EMPTY_BODY = YES;
				CLANG_WARN_ENUM_CONVERSION = YES;
				CLANG_WARN_INT_CONVERSION = YES;
				CLANG_WARN_OBJC_ROOT_CLASS = YES_ERROR;
				CLANG_WARN_UNREACHABLE_CODE = YES;
				CLANG_WARN__DUPLICATE_METHOD_MATCH = YES;
				"CODE_SIGN_IDENTITY[sdk=iphoneos*]" = "iPhone Developer";
				COPY_PHASE_STRIP = NO;
				DEBUG_INFORMATION_FORMAT = dwarf;
				ENABLE_STRICT_OBJC_MSGSEND = YES;
				ENABLE_TESTABILITY = YES;
				GCC_C_LANGUAGE_STANDARD = gnu99;
				GCC_DYNAMIC_NO_PIC = NO;
				GCC_NO_COMMON_BLOCKS = YES;
				GCC_OPTIMIZATION_LEVEL = 0;
				GCC_PREPROCESSOR_DEFINITIONS = (
					"DEBUG=1",
					"$(inherited)",
				);
				GCC_WARN_64_TO_32_BIT_CONVERSION = YES;
				GCC_WARN_ABOUT_RETURN_TYPE = YES_ERROR;
				GCC_WARN_UNDECLARED_SELECTOR = YES;
				GCC_WARN_UNINITIALIZED_AUTOS = YES_AGGRESSIVE;
				GCC_WARN_UNUSED_FUNCTION = YES;
				GCC_WARN_UNUSED_VARIABLE = YES;
				IPHONEOS_DEPLOYMENT_TARGET = 9.3;
				MTL_ENABLE_DEBUG_INFO = YES;
				ONLY_ACTIVE_ARCH = YES;
				SDKROOT = iphoneos;
				SWIFT_OPTIMIZATION_LEVEL = "-Onone";
			};
			name = Debug;
		};
		09FF07651D6F7675003634AD /* Release */ = {
			isa = XCBuildConfiguration;
			buildSettings = {
				ALWAYS_SEARCH_USER_PATHS = NO;
				CLANG_ANALYZER_NONNULL = YES;
				CLANG_CXX_LANGUAGE_STANDARD = "gnu++0x";
				CLANG_CXX_LIBRARY = "libc++";
				CLANG_ENABLE_MODULES = YES;
				CLANG_ENABLE_OBJC_ARC = YES;
				CLANG_WARN_BOOL_CONVERSION = YES;
				CLANG_WARN_CONSTANT_CONVERSION = YES;
				CLANG_WARN_DIRECT_OBJC_ISA_USAGE = YES_ERROR;
				CLANG_WARN_EMPTY_BODY = YES;
				CLANG_WARN_ENUM_CONVERSION = YES;
				CLANG_WARN_INT_CONVERSION = YES;
				CLANG_WARN_OBJC_ROOT_CLASS = YES_ERROR;
				CLANG_WARN_UNREACHABLE_CODE = YES;
				CLANG_WARN__DUPLICATE_METHOD_MATCH = YES;
				"CODE_SIGN_IDENTITY[sdk=iphoneos*]" = "iPhone Developer";
				COPY_PHASE_STRIP = NO;
				DEBUG_INFORMATION_FORMAT = "dwarf-with-dsym";
				ENABLE_NS_ASSERTIONS = NO;
				ENABLE_STRICT_OBJC_MSGSEND = YES;
				GCC_C_LANGUAGE_STANDARD = gnu99;
				GCC_NO_COMMON_BLOCKS = YES;
				GCC_WARN_64_TO_32_BIT_CONVERSION = YES;
				GCC_WARN_ABOUT_RETURN_TYPE = YES_ERROR;
				GCC_WARN_UNDECLARED_SELECTOR = YES;
				GCC_WARN_UNINITIALIZED_AUTOS = YES_AGGRESSIVE;
				GCC_WARN_UNUSED_FUNCTION = YES;
				GCC_WARN_UNUSED_VARIABLE = YES;
				IPHONEOS_DEPLOYMENT_TARGET = 9.3;
				MTL_ENABLE_DEBUG_INFO = NO;
				SDKROOT = iphoneos;
				VALIDATE_PRODUCT = YES;
			};
			name = Release;
		};
		09FF07671D6F7675003634AD /* Debug */ = {
			isa = XCBuildConfiguration;
			buildSettings = {
				ASSETCATALOG_COMPILER_APPICON_NAME = AppIcon;
				INFOPLIST_FILE = Bookloop/Info.plist;
				LD_RUNPATH_SEARCH_PATHS = "$(inherited) @executable_path/Frameworks";
				PRODUCT_BUNDLE_IDENTIFIER = CL.Bookloop;
				PRODUCT_NAME = "$(TARGET_NAME)";
			};
			name = Debug;
		};
		09FF07681D6F7675003634AD /* Release */ = {
			isa = XCBuildConfiguration;
			buildSettings = {
				ASSETCATALOG_COMPILER_APPICON_NAME = AppIcon;
				INFOPLIST_FILE = Bookloop/Info.plist;
				LD_RUNPATH_SEARCH_PATHS = "$(inherited) @executable_path/Frameworks";
				PRODUCT_BUNDLE_IDENTIFIER = CL.Bookloop;
				PRODUCT_NAME = "$(TARGET_NAME)";
			};
			name = Release;
		};
		09FF076A1D6F7675003634AD /* Debug */ = {
			isa = XCBuildConfiguration;
			buildSettings = {
				BUNDLE_LOADER = "$(TEST_HOST)";
				INFOPLIST_FILE = BookloopTests/Info.plist;
				LD_RUNPATH_SEARCH_PATHS = "$(inherited) @executable_path/Frameworks @loader_path/Frameworks";
				PRODUCT_BUNDLE_IDENTIFIER = CL.BookloopTests;
				PRODUCT_NAME = "$(TARGET_NAME)";
				TEST_HOST = "$(BUILT_PRODUCTS_DIR)/Bookloop.app/Bookloop";
			};
			name = Debug;
		};
		09FF076B1D6F7675003634AD /* Release */ = {
			isa = XCBuildConfiguration;
			buildSettings = {
				BUNDLE_LOADER = "$(TEST_HOST)";
				INFOPLIST_FILE = BookloopTests/Info.plist;
				LD_RUNPATH_SEARCH_PATHS = "$(inherited) @executable_path/Frameworks @loader_path/Frameworks";
				PRODUCT_BUNDLE_IDENTIFIER = CL.BookloopTests;
				PRODUCT_NAME = "$(TARGET_NAME)";
				TEST_HOST = "$(BUILT_PRODUCTS_DIR)/Bookloop.app/Bookloop";
			};
			name = Release;
		};
		09FF076D1D6F7675003634AD /* Debug */ = {
			isa = XCBuildConfiguration;
			buildSettings = {
				INFOPLIST_FILE = BookloopUITests/Info.plist;
				LD_RUNPATH_SEARCH_PATHS = "$(inherited) @executable_path/Frameworks @loader_path/Frameworks";
				PRODUCT_BUNDLE_IDENTIFIER = CL.BookloopUITests;
				PRODUCT_NAME = "$(TARGET_NAME)";
				TEST_TARGET_NAME = Bookloop;
			};
			name = Debug;
		};
		09FF076E1D6F7675003634AD /* Release */ = {
			isa = XCBuildConfiguration;
			buildSettings = {
				INFOPLIST_FILE = BookloopUITests/Info.plist;
				LD_RUNPATH_SEARCH_PATHS = "$(inherited) @executable_path/Frameworks @loader_path/Frameworks";
				PRODUCT_BUNDLE_IDENTIFIER = CL.BookloopUITests;
				PRODUCT_NAME = "$(TARGET_NAME)";
				TEST_TARGET_NAME = Bookloop;
			};
			name = Release;
		};
/* End XCBuildConfiguration section */

/* Begin XCConfigurationList section */
		09FF07391D6F7675003634AD /* Build configuration list for PBXProject "Bookloop" */ = {
			isa = XCConfigurationList;
			buildConfigurations = (
				09FF07641D6F7675003634AD /* Debug */,
				09FF07651D6F7675003634AD /* Release */,
			);
			defaultConfigurationIsVisible = 0;
			defaultConfigurationName = Release;
		};
		09FF07661D6F7675003634AD /* Build configuration list for PBXNativeTarget "Bookloop" */ = {
			isa = XCConfigurationList;
			buildConfigurations = (
				09FF07671D6F7675003634AD /* Debug */,
				09FF07681D6F7675003634AD /* Release */,
			);
			defaultConfigurationIsVisible = 0;
		};
		09FF07691D6F7675003634AD /* Build configuration list for PBXNativeTarget "BookloopTests" */ = {
			isa = XCConfigurationList;
			buildConfigurations = (
				09FF076A1D6F7675003634AD /* Debug */,
				09FF076B1D6F7675003634AD /* Release */,
			);
			defaultConfigurationIsVisible = 0;
		};
		09FF076C1D6F7675003634AD /* Build configuration list for PBXNativeTarget "BookloopUITests" */ = {
			isa = XCConfigurationList;
			buildConfigurations = (
				09FF076D1D6F7675003634AD /* Debug */,
				09FF076E1D6F7675003634AD /* Release */,
			);
			defaultConfigurationIsVisible = 0;
		};
/* End XCConfigurationList section */
	};
	rootObject = 09FF07361D6F7675003634AD /* Project object */;
}
